<?xml version="1.0" encoding="utf-8"?>
<Project ToolsVersion="4.0" xmlns="http://schemas.microsoft.com/developer/msbuild/2003">
  <ItemGroup>
    <Filter Include="源文件">
      <UniqueIdentifier>{4FC737F1-C7A5-4376-A066-2A32D752A2FF}</UniqueIdentifier>
      <Extensions>cpp;c;cc;cxx;c++;cppm;ixx;def;odl;idl;hpj;bat;asm;asmx</Extensions>
    </Filter>
    <Filter Include="头文件">
      <UniqueIdentifier>{93995380-89BD-4b04-88EB-625FBE52EBFB}</UniqueIdentifier>
      <Extensions>h;hh;hpp;hxx;h++;hm;inl;inc;ipp;xsd</Extensions>
    </Filter>
    <Filter Include="资源文件">
      <UniqueIdentifier>{67DA6AB6-F800-4c08-8B7A-83BB121AAD01}</UniqueIdentifier>
      <Extensions>rc;ico;cur;bmp;dlg;rc2;rct;bin;rgs;gif;jpg;jpeg;jpe;resx;tiff;tif;png;wav;mfcribbon-ms</Extensions>
    </Filter>
  </ItemGroup>
  <ItemGroup>
    <ClInclude Include="Log.h">
      <Filter>头文件</Filter>
    </ClInclude>
    <ClInclude Include="RTP.h">
      <Filter>头文件</Filter>
    </ClInclude>
    <ClInclude Include="Event.h">
      <Filter>头文件</Filter>
    </ClInclude>
    <ClInclude Include="Timer.h">
      <Filter>头文件</Filter>
    </ClInclude>
    <ClInclude Include="Poller.h">
      <Filter>头文件</Filter>
    </ClInclude>
    <ClInclude Include="EventScheduler.h">
      <Filter>头文件</Filter>
    </ClInclude>
    <ClInclude Include="SelectPoller.h">
      <Filter>头文件</Filter>
    </ClInclude>
    <ClInclude Include="Thread.h">
      <Filter>头文件</Filter>
    </ClInclude>
    <ClInclude Include="ThreadPool.h">
      <Filter>头文件</Filter>
    </ClInclude>
    <ClInclude Include="UsageEnvironment.h">
      <Filter>头文件</Filter>
    </ClInclude>
    <ClInclude Include="Version.h">
      <Filter>头文件</Filter>
    </ClInclude>
    <ClInclude Include="Socketsapi.h">
      <Filter>头文件</Filter>
    </ClInclude>
    <ClInclude Include="InetAddress.h">
      <Filter>头文件</Filter>
    </ClInclude>
    <ClInclude Include="MediaSource.h">
      <Filter>头文件</Filter>
    </ClInclude>
    <ClInclude Include="H264FileMediaSource.h">
      <Filter>头文件</Filter>
    </ClInclude>
    <ClInclude Include="AACFileMediaSource.h">
      <Filter>头文件</Filter>
    </ClInclude>
    <ClInclude Include="Sink.h">
      <Filter>头文件</Filter>
    </ClInclude>
    <ClInclude Include="H264FileSink.h">
      <Filter>头文件</Filter>
    </ClInclude>
    <ClInclude Include="AACFileSink.h">
      <Filter>头文件</Filter>
    </ClInclude>
    <ClInclude Include="Buffer.h">
      <Filter>头文件</Filter>
    </ClInclude>
    <ClInclude Include="RTPInstance.h">
      <Filter>头文件</Filter>
    </ClInclude>
    <ClInclude Include="RTSPConnection.h">
      <Filter>头文件</Filter>
    </ClInclude>
    <ClInclude Include="MediaSession.h">
      <Filter>头文件</Filter>
    </ClInclude>
    <ClInclude Include="MediaSessionManager.h">
      <Filter>头文件</Filter>
    </ClInclude>
    <ClInclude Include="TCPConnection.h">
      <Filter>头文件</Filter>
    </ClInclude>
    <ClInclude Include="RTSPServer.h">
      <Filter>头文件</Filter>
    </ClInclude>
  </ItemGroup>
  <ItemGroup>
    <ClCompile Include="Rtp.cpp">
      <Filter>源文件</Filter>
    </ClCompile>
    <ClCompile Include="main.cpp">
      <Filter>源文件</Filter>
    </ClCompile>
    <ClCompile Include="Event.cpp">
      <Filter>源文件</Filter>
    </ClCompile>
    <ClCompile Include="Poller.cpp">
      <Filter>源文件</Filter>
    </ClCompile>
    <ClCompile Include="Thread.cpp">
      <Filter>源文件</Filter>
    </ClCompile>
    <ClCompile Include="ThreadPool.cpp">
      <Filter>源文件</Filter>
    </ClCompile>
    <ClCompile Include="UsageEnvironment.cpp">
      <Filter>源文件</Filter>
    </ClCompile>
    <ClCompile Include="Timer.cpp">
      <Filter>源文件</Filter>
    </ClCompile>
    <ClCompile Include="EventScheduler.cpp">
      <Filter>源文件</Filter>
    </ClCompile>
    <ClCompile Include="SelectPoller.cpp">
      <Filter>源文件</Filter>
    </ClCompile>
    <ClCompile Include="Sockersapi.cpp">
      <Filter>源文件</Filter>
    </ClCompile>
    <ClCompile Include="InetAddress.cpp">
      <Filter>源文件</Filter>
    </ClCompile>
    <ClCompile Include="MediaSource.cpp">
      <Filter>源文件</Filter>
    </ClCompile>
    <ClCompile Include="H264FileMediaSource.cpp">
      <Filter>源文件</Filter>
    </ClCompile>
    <ClCompile Include="AACFileMediaSource.cpp">
      <Filter>源文件</Filter>
    </ClCompile>
    <ClCompile Include="Sink.cpp">
      <Filter>源文件</Filter>
    </ClCompile>
    <ClCompile Include="H264FileSink.cpp">
      <Filter>源文件</Filter>
    </ClCompile>
    <ClCompile Include="AACFileSink.cpp">
      <Filter>源文件</Filter>
    </ClCompile>
    <ClCompile Include="Buffer.cpp">
      <Filter>源文件</Filter>
    </ClCompile>
    <ClCompile Include="MeidaSession.cpp">
      <Filter>源文件</Filter>
    </ClCompile>
    <ClCompile Include="MediaSessionManager.cpp">
      <Filter>源文件</Filter>
    </ClCompile>
    <ClCompile Include="TCPConnection.cpp">
      <Filter>源文件</Filter>
    </ClCompile>
    <ClCompile Include="RTSPServer.cpp">
      <Filter>源文件</Filter>
    </ClCompile>
    <ClCompile Include="RTSPConnection.cpp">
      <Filter>源文件</Filter>
    </ClCompile>
  </ItemGroup>
</Project>