
Microsoft Visual Studio Solution File, Format Version 12.00
# Visual Studio Version 17
VisualStudioVersion = 17.3.32901.215
MinimumVisualStudioVersion = 10.0.40219.1
Project("{8BC9CEB8-8B4A-11D0-8D11-00A0C91BC942}") = "Ricardo_RTSP_Server", "Ricardo_RTSP_Server.vcxproj", "{548B2419-C4FC-43AA-B898-2A8462F24EFD}"
EndProject
Global
	GlobalSection(SolutionConfigurationPlatforms) = preSolution
		Debug|x64 = Debug|x64
		Debug|x86 = Debug|x86
		Release|x64 = Release|x64
		Release|x86 = Release|x86
	EndGlobalSection
	GlobalSection(ProjectConfigurationPlatforms) = postSolution
		{548B2419-C4FC-43AA-B898-2A8462F24EFD}.Debug|x64.ActiveCfg = Debug|x64
		{548B2419-C4FC-43AA-B898-2A8462F24EFD}.Debug|x64.Build.0 = Debug|x64
		{548B2419-C4FC-43AA-B898-2A8462F24EFD}.Debug|x86.ActiveCfg = Debug|Win32
		{548B2419-C4FC-43AA-B898-2A8462F24EFD}.Debug|x86.Build.0 = Debug|Win32
		{548B2419-C4FC-43AA-B898-2A8462F24EFD}.Release|x64.ActiveCfg = Release|x64
		{548B2419-C4FC-43AA-B898-2A8462F24EFD}.Release|x64.Build.0 = Release|x64
		{548B2419-C4FC-43AA-B898-2A8462F24EFD}.Release|x86.ActiveCfg = Release|Win32
		{548B2419-C4FC-43AA-B898-2A8462F24EFD}.Release|x86.Build.0 = Release|Win32
	EndGlobalSection
	GlobalSection(SolutionProperties) = preSolution
		HideSolutionNode = FALSE
	EndGlobalSection
	GlobalSection(ExtensibilityGlobals) = postSolution
		SolutionGuid = {963C9990-FEA8-4946-857E-3231C43A2328}
	EndGlobalSection
EndGlobal
